
Microsoft Visual Studio Solution File, Format Version 12.00
# Visual Studio 15
VisualStudioVersion = 15.0.27130.2010
MinimumVisualStudioVersion = 10.0.40219.1
Project("{9A19103F-16F7-4668-BE54-9A1E7A4F7556}") = "Icris.FormatDetectors", "Icris.FormatDetectors\Icris.FormatDetectors.csproj", "{841C03E4-1305-43CB-8450-34A8A282A72B}"
EndProject
Project("{FAE04EC0-301F-11D3-BF4B-00C04F79EFBC}") = "Icris.FormatDetectors.Tests", "Icris.FormatDetectors.Tests\Icris.FormatDetectors.Tests.csproj", "{A91F76C0-ABF3-499B-973B-0ACAEB116F4E}"
EndProject
Project("{FAE04EC0-301F-11D3-BF4B-00C04F79EFBC}") = "Icris.LogFile2MQTT", "Icris.LogFile2MQTT\Icris.LogFile2MQTT.csproj", "{7F7526C5-48D9-453B-880E-145FA5113CAD}"
EndProject
Global
	GlobalSection(SolutionConfigurationPlatforms) = preSolution
		Debug|Any CPU = Debug|Any CPU
		Release|Any CPU = Release|Any CPU
	EndGlobalSection
	GlobalSection(ProjectConfigurationPlatforms) = postSolution
		{841C03E4-1305-43CB-8450-34A8A282A72B}.Debug|Any CPU.ActiveCfg = Debug|Any CPU
		{841C03E4-1305-43CB-8450-34A8A282A72B}.Debug|Any CPU.Build.0 = Debug|Any CPU
		{841C03E4-1305-43CB-8450-34A8A282A72B}.Release|Any CPU.ActiveCfg = Release|Any CPU
		{841C03E4-1305-43CB-8450-34A8A282A72B}.Release|Any CPU.Build.0 = Release|Any CPU
		{A91F76C0-ABF3-499B-973B-0ACAEB116F4E}.Debug|Any CPU.ActiveCfg = Debug|Any CPU
		{A91F76C0-ABF3-499B-973B-0ACAEB116F4E}.Debug|Any CPU.Build.0 = Debug|Any CPU
		{A91F76C0-ABF3-499B-973B-0ACAEB116F4E}.Release|Any CPU.ActiveCfg = Release|Any CPU
		{A91F76C0-ABF3-499B-973B-0ACAEB116F4E}.Release|Any CPU.Build.0 = Release|Any CPU
		{7F7526C5-48D9-453B-880E-145FA5113CAD}.Debug|Any CPU.ActiveCfg = Debug|Any CPU
		{7F7526C5-48D9-453B-880E-145FA5113CAD}.Debug|Any CPU.Build.0 = Debug|Any CPU
		{7F7526C5-48D9-453B-880E-145FA5113CAD}.Release|Any CPU.ActiveCfg = Release|Any CPU
		{7F7526C5-48D9-453B-880E-145FA5113CAD}.Release|Any CPU.Build.0 = Release|Any CPU
	EndGlobalSection
	GlobalSection(SolutionProperties) = preSolution
		HideSolutionNode = FALSE
	EndGlobalSection
	GlobalSection(ExtensibilityGlobals) = postSolution
		SolutionGuid = {2088C717-9683-46EC-800F-275E598D2271}
	EndGlobalSection
EndGlobal
